// !$*UTF8*$!
{
	archiveVersion = 1;
	classes = {
	};
	objectVersion = 56;
	objects = {

/* Begin PBXBuildFile section */
		3B1CD9FD2AF024BE00A7CB29 /* CabinetGrotesk-Regular.otf in Resources */ = {isa = PBXBuildFile; fileRef = 3B1CD9FC2AF024BE00A7CB29 /* CabinetGrotesk-Regular.otf */; };
		3B21C9882AF025D300FFB324 /* CabinetGrotesk-Extrabold.otf in Resources */ = {isa = PBXBuildFile; fileRef = 3B21C9812AF025D200FFB324 /* CabinetGrotesk-Extrabold.otf */; };
		3B21C9892AF025D300FFB324 /* CabinetGrotesk-Light.otf in Resources */ = {isa = PBXBuildFile; fileRef = 3B21C9822AF025D200FFB324 /* CabinetGrotesk-Light.otf */; };
		3B21C98A2AF025D300FFB324 /* CabinetGrotesk-Medium.otf in Resources */ = {isa = PBXBuildFile; fileRef = 3B21C9832AF025D200FFB324 /* CabinetGrotesk-Medium.otf */; };
		3B21C98B2AF025D300FFB324 /* CabinetGrotesk-Black.otf in Resources */ = {isa = PBXBuildFile; fileRef = 3B21C9842AF025D200FFB324 /* CabinetGrotesk-Black.otf */; };
		3B21C98C2AF025D300FFB324 /* CabinetGrotesk-Bold.otf in Resources */ = {isa = PBXBuildFile; fileRef = 3B21C9852AF025D200FFB324 /* CabinetGrotesk-Bold.otf */; };
		3B21C98D2AF025D300FFB324 /* CabinetGrotesk-Extralight.otf in Resources */ = {isa = PBXBuildFile; fileRef = 3B21C9862AF025D300FFB324 /* CabinetGrotesk-Extralight.otf */; };
		3B21C98E2AF025D300FFB324 /* CabinetGrotesk-Thin.otf in Resources */ = {isa = PBXBuildFile; fileRef = 3B21C9872AF025D300FFB324 /* CabinetGrotesk-Thin.otf */; };
		3BBE87F92AF016B00084F6BD /* NadaADeclararApp.swift in Sources */ = {isa = PBXBuildFile; fileRef = 3BBE87F82AF016B00084F6BD /* NadaADeclararApp.swift */; };
		3BBE87FB2AF016B00084F6BD /* ContentView.swift in Sources */ = {isa = PBXBuildFile; fileRef = 3BBE87FA2AF016B00084F6BD /* ContentView.swift */; };
		3BBE87FD2AF016B10084F6BD /* Assets.xcassets in Resources */ = {isa = PBXBuildFile; fileRef = 3BBE87FC2AF016B10084F6BD /* Assets.xcassets */; };
		3BBE88002AF016B10084F6BD /* Preview Assets.xcassets in Resources */ = {isa = PBXBuildFile; fileRef = 3BBE87FF2AF016B10084F6BD /* Preview Assets.xcassets */; };
		3BBE880A2AF019FC0084F6BD /* TituloView.swift in Sources */ = {isa = PBXBuildFile; fileRef = 3BBE88092AF019FC0084F6BD /* TituloView.swift */; };
		8FA52F8F2AF01936006FFCA6 /* LabelTextView.swift in Sources */ = {isa = PBXBuildFile; fileRef = 8FA52F8E2AF01936006FFCA6 /* LabelTextView.swift */; };
		8FA52F912AF01A30006FFCA6 /* Enums.swift in Sources */ = {isa = PBXBuildFile; fileRef = 8FA52F902AF01A30006FFCA6 /* Enums.swift */; };
		8FF611A82AF01DFD00507DDB /* LabelButtonView.swift in Sources */ = {isa = PBXBuildFile; fileRef = 8FF611A72AF01DFD00507DDB /* LabelButtonView.swift */; };
/* End PBXBuildFile section */

/* Begin PBXFileReference section */
		3B1CD9FC2AF024BE00A7CB29 /* CabinetGrotesk-Regular.otf */ = {isa = PBXFileReference; lastKnownFileType = file; path = "CabinetGrotesk-Regular.otf"; sourceTree = "<group>"; };
		3B21C9812AF025D200FFB324 /* CabinetGrotesk-Extrabold.otf */ = {isa = PBXFileReference; lastKnownFileType = file; path = "CabinetGrotesk-Extrabold.otf"; sourceTree = "<group>"; };
		3B21C9822AF025D200FFB324 /* CabinetGrotesk-Light.otf */ = {isa = PBXFileReference; lastKnownFileType = file; path = "CabinetGrotesk-Light.otf"; sourceTree = "<group>"; };
		3B21C9832AF025D200FFB324 /* CabinetGrotesk-Medium.otf */ = {isa = PBXFileReference; lastKnownFileType = file; path = "CabinetGrotesk-Medium.otf"; sourceTree = "<group>"; };
		3B21C9842AF025D200FFB324 /* CabinetGrotesk-Black.otf */ = {isa = PBXFileReference; lastKnownFileType = file; path = "CabinetGrotesk-Black.otf"; sourceTree = "<group>"; };
		3B21C9852AF025D200FFB324 /* CabinetGrotesk-Bold.otf */ = {isa = PBXFileReference; lastKnownFileType = file; path = "CabinetGrotesk-Bold.otf"; sourceTree = "<group>"; };
		3B21C9862AF025D300FFB324 /* CabinetGrotesk-Extralight.otf */ = {isa = PBXFileReference; lastKnownFileType = file; path = "CabinetGrotesk-Extralight.otf"; sourceTree = "<group>"; };
		3B21C9872AF025D300FFB324 /* CabinetGrotesk-Thin.otf */ = {isa = PBXFileReference; lastKnownFileType = file; path = "CabinetGrotesk-Thin.otf"; sourceTree = "<group>"; };
		3BBE87F52AF016B00084F6BD /* NadaADeclarar.app */ = {isa = PBXFileReference; explicitFileType = wrapper.application; includeInIndex = 0; path = NadaADeclarar.app; sourceTree = BUILT_PRODUCTS_DIR; };
		3BBE87F82AF016B00084F6BD /* NadaADeclararApp.swift */ = {isa = PBXFileReference; lastKnownFileType = sourcecode.swift; path = NadaADeclararApp.swift; sourceTree = "<group>"; };
		3BBE87FA2AF016B00084F6BD /* ContentView.swift */ = {isa = PBXFileReference; lastKnownFileType = sourcecode.swift; path = ContentView.swift; sourceTree = "<group>"; };
		3BBE87FC2AF016B10084F6BD /* Assets.xcassets */ = {isa = PBXFileReference; lastKnownFileType = folder.assetcatalog; path = Assets.xcassets; sourceTree = "<group>"; };
		3BBE87FF2AF016B10084F6BD /* Preview Assets.xcassets */ = {isa = PBXFileReference; lastKnownFileType = folder.assetcatalog; path = "Preview Assets.xcassets"; sourceTree = "<group>"; };
		3BBE88092AF019FC0084F6BD /* TituloView.swift */ = {isa = PBXFileReference; lastKnownFileType = sourcecode.swift; path = TituloView.swift; sourceTree = "<group>"; };
		3BBE88142AF01E170084F6BD /* Info.plist */ = {isa = PBXFileReference; lastKnownFileType = text.plist.xml; path = Info.plist; sourceTree = "<group>"; };
		8FA52F8E2AF01936006FFCA6 /* LabelTextView.swift */ = {isa = PBXFileReference; lastKnownFileType = sourcecode.swift; path = LabelTextView.swift; sourceTree = "<group>"; };
		8FA52F902AF01A30006FFCA6 /* Enums.swift */ = {isa = PBXFileReference; lastKnownFileType = sourcecode.swift; path = Enums.swift; sourceTree = "<group>"; };
		8FF611A72AF01DFD00507DDB /* LabelButtonView.swift */ = {isa = PBXFileReference; lastKnownFileType = sourcecode.swift; path = LabelButtonView.swift; sourceTree = "<group>"; };
/* End PBXFileReference section */

/* Begin PBXFrameworksBuildPhase section */
		3BBE87F22AF016B00084F6BD /* Frameworks */ = {
			isa = PBXFrameworksBuildPhase;
			buildActionMask = 2147483647;
			files = (
			);
			runOnlyForDeploymentPostprocessing = 0;
		};
/* End PBXFrameworksBuildPhase section */

/* Begin PBXGroup section */
		3BBE87EC2AF016B00084F6BD = {
			isa = PBXGroup;
			children = (
				3BBE87F72AF016B00084F6BD /* NadaADeclarar */,
				3BBE87F62AF016B00084F6BD /* Products */,
			);
			sourceTree = "<group>";
		};
		3BBE87F62AF016B00084F6BD /* Products */ = {
			isa = PBXGroup;
			children = (
				3BBE87F52AF016B00084F6BD /* NadaADeclarar.app */,
			);
			name = Products;
			sourceTree = "<group>";
		};
		3BBE87F72AF016B00084F6BD /* NadaADeclarar */ = {
			isa = PBXGroup;
			children = (
				8FA52F902AF01A30006FFCA6 /* Enums.swift */,
				3BBE88062AF017C90084F6BD /* Components */,
				3BBE87F82AF016B00084F6BD /* NadaADeclararApp.swift */,
				3BBE87FA2AF016B00084F6BD /* ContentView.swift */,
				3BBE880B2AF01D8F0084F6BD /* Font */,
				3BBE88142AF01E170084F6BD /* Info.plist */,
				3BBE87FC2AF016B10084F6BD /* Assets.xcassets */,
				3BBE87FE2AF016B10084F6BD /* Preview Content */,
			);
			path = NadaADeclarar;
			sourceTree = "<group>";
		};
		3BBE87FE2AF016B10084F6BD /* Preview Content */ = {
			isa = PBXGroup;
			children = (
				3BBE87FF2AF016B10084F6BD /* Preview Assets.xcassets */,
			);
			path = "Preview Content";
			sourceTree = "<group>";
		};
		3BBE88062AF017C90084F6BD /* Components */ = {
			isa = PBXGroup;
			children = (
				3BBE88092AF019FC0084F6BD /* TituloView.swift */,
				8FA52F8E2AF01936006FFCA6 /* LabelTextView.swift */,
				8FF611A72AF01DFD00507DDB /* LabelButtonView.swift */,
			);
			path = Components;
			sourceTree = "<group>";
		};
		3BBE880B2AF01D8F0084F6BD /* Font */ = {
			isa = PBXGroup;
			children = (
				3B21C9842AF025D200FFB324 /* CabinetGrotesk-Black.otf */,
				3B21C9852AF025D200FFB324 /* CabinetGrotesk-Bold.otf */,
				3B21C9812AF025D200FFB324 /* CabinetGrotesk-Extrabold.otf */,
				3B21C9862AF025D300FFB324 /* CabinetGrotesk-Extralight.otf */,
				3B21C9822AF025D200FFB324 /* CabinetGrotesk-Light.otf */,
				3B21C9832AF025D200FFB324 /* CabinetGrotesk-Medium.otf */,
				3B21C9872AF025D300FFB324 /* CabinetGrotesk-Thin.otf */,
				3B1CD9FC2AF024BE00A7CB29 /* CabinetGrotesk-Regular.otf */,
			);
			path = Font;
			sourceTree = "<group>";
		};
/* End PBXGroup section */

/* Begin PBXNativeTarget section */
		3BBE87F42AF016B00084F6BD /* NadaADeclarar */ = {
			isa = PBXNativeTarget;
			buildConfigurationList = 3BBE88032AF016B10084F6BD /* Build configuration list for PBXNativeTarget "NadaADeclarar" */;
			buildPhases = (
				3BBE87F12AF016B00084F6BD /* Sources */,
				3BBE87F22AF016B00084F6BD /* Frameworks */,
				3BBE87F32AF016B00084F6BD /* Resources */,
			);
			buildRules = (
			);
			dependencies = (
			);
			name = NadaADeclarar;
			productName = NadaADeclarar;
			productReference = 3BBE87F52AF016B00084F6BD /* NadaADeclarar.app */;
			productType = "com.apple.product-type.application";
		};
/* End PBXNativeTarget section */

/* Begin PBXProject section */
		3BBE87ED2AF016B00084F6BD /* Project object */ = {
			isa = PBXProject;
			attributes = {
				BuildIndependentTargetsInParallel = 1;
				LastSwiftUpdateCheck = 1500;
				LastUpgradeCheck = 1500;
				TargetAttributes = {
					3BBE87F42AF016B00084F6BD = {
						CreatedOnToolsVersion = 15.0.1;
					};
				};
			};
			buildConfigurationList = 3BBE87F02AF016B00084F6BD /* Build configuration list for PBXProject "NadaADeclarar" */;
			compatibilityVersion = "Xcode 14.0";
			developmentRegion = en;
			hasScannedForEncodings = 0;
			knownRegions = (
				en,
				Base,
			);
			mainGroup = 3BBE87EC2AF016B00084F6BD;
			productRefGroup = 3BBE87F62AF016B00084F6BD /* Products */;
			projectDirPath = "";
			projectRoot = "";
			targets = (
				3BBE87F42AF016B00084F6BD /* NadaADeclarar */,
			);
		};
/* End PBXProject section */

/* Begin PBXResourcesBuildPhase section */
		3BBE87F32AF016B00084F6BD /* Resources */ = {
			isa = PBXResourcesBuildPhase;
			buildActionMask = 2147483647;
			files = (
				3B21C9892AF025D300FFB324 /* CabinetGrotesk-Light.otf in Resources */,
				3B21C98C2AF025D300FFB324 /* CabinetGrotesk-Bold.otf in Resources */,
				3BBE88002AF016B10084F6BD /* Preview Assets.xcassets in Resources */,
				3BBE87FD2AF016B10084F6BD /* Assets.xcassets in Resources */,
				3B21C98A2AF025D300FFB324 /* CabinetGrotesk-Medium.otf in Resources */,
				3B21C98E2AF025D300FFB324 /* CabinetGrotesk-Thin.otf in Resources */,
				3B21C98B2AF025D300FFB324 /* CabinetGrotesk-Black.otf in Resources */,
				3B21C9882AF025D300FFB324 /* CabinetGrotesk-Extrabold.otf in Resources */,
				3B1CD9FD2AF024BE00A7CB29 /* CabinetGrotesk-Regular.otf in Resources */,
				3B21C98D2AF025D300FFB324 /* CabinetGrotesk-Extralight.otf in Resources */,
			);
			runOnlyForDeploymentPostprocessing = 0;
		};
/* End PBXResourcesBuildPhase section */

/* Begin PBXSourcesBuildPhase section */
		3BBE87F12AF016B00084F6BD /* Sources */ = {
			isa = PBXSourcesBuildPhase;
			buildActionMask = 2147483647;
			files = (
				3BBE880A2AF019FC0084F6BD /* TituloView.swift in Sources */,
				3BBE87FB2AF016B00084F6BD /* ContentView.swift in Sources */,
				3BBE87F92AF016B00084F6BD /* NadaADeclararApp.swift in Sources */,
				8FA52F912AF01A30006FFCA6 /* Enums.swift in Sources */,
				8FA52F8F2AF01936006FFCA6 /* LabelTextView.swift in Sources */,
				8FF611A82AF01DFD00507DDB /* LabelButtonView.swift in Sources */,
			);
			runOnlyForDeploymentPostprocessing = 0;
		};
/* End PBXSourcesBuildPhase section */

/* Begin XCBuildConfiguration section */
		3BBE88012AF016B10084F6BD /* Debug */ = {
			isa = XCBuildConfiguration;
			buildSettings = {
				ALWAYS_SEARCH_USER_PATHS = NO;
				ASSETCATALOG_COMPILER_GENERATE_SWIFT_ASSET_SYMBOL_EXTENSIONS = YES;
				CLANG_ANALYZER_NONNULL = YES;
				CLANG_ANALYZER_NUMBER_OBJECT_CONVERSION = YES_AGGRESSIVE;
				CLANG_CXX_LANGUAGE_STANDARD = "gnu++20";
				CLANG_ENABLE_MODULES = YES;
				CLANG_ENABLE_OBJC_ARC = YES;
				CLANG_ENABLE_OBJC_WEAK = YES;
				CLANG_WARN_BLOCK_CAPTURE_AUTORELEASING = YES;
				CLANG_WARN_BOOL_CONVERSION = YES;
				CLANG_WARN_COMMA = YES;
				CLANG_WARN_CONSTANT_CONVERSION = YES;
				CLANG_WARN_DEPRECATED_OBJC_IMPLEMENTATIONS = YES;
				CLANG_WARN_DIRECT_OBJC_ISA_USAGE = YES_ERROR;
				CLANG_WARN_DOCUMENTATION_COMMENTS = YES;
				CLANG_WARN_EMPTY_BODY = YES;
				CLANG_WARN_ENUM_CONVERSION = YES;
				CLANG_WARN_INFINITE_RECURSION = YES;
				CLANG_WARN_INT_CONVERSION = YES;
				CLANG_WARN_NON_LITERAL_NULL_CONVERSION = YES;
				CLANG_WARN_OBJC_IMPLICIT_RETAIN_SELF = YES;
				CLANG_WARN_OBJC_LITERAL_CONVERSION = YES;
				CLANG_WARN_OBJC_ROOT_CLASS = YES_ERROR;
				CLANG_WARN_QUOTED_INCLUDE_IN_FRAMEWORK_HEADER = YES;
				CLANG_WARN_RANGE_LOOP_ANALYSIS = YES;
				CLANG_WARN_STRICT_PROTOTYPES = YES;
				CLANG_WARN_SUSPICIOUS_MOVE = YES;
				CLANG_WARN_UNGUARDED_AVAILABILITY = YES_AGGRESSIVE;
				CLANG_WARN_UNREACHABLE_CODE = YES;
				CLANG_WARN__DUPLICATE_METHOD_MATCH = YES;
				COPY_PHASE_STRIP = NO;
				DEBUG_INFORMATION_FORMAT = dwarf;
				ENABLE_STRICT_OBJC_MSGSEND = YES;
				ENABLE_TESTABILITY = YES;
				ENABLE_USER_SCRIPT_SANDBOXING = YES;
				GCC_C_LANGUAGE_STANDARD = gnu17;
				GCC_DYNAMIC_NO_PIC = NO;
				GCC_NO_COMMON_BLOCKS = YES;
				GCC_OPTIMIZATION_LEVEL = 0;
				GCC_PREPROCESSOR_DEFINITIONS = (
					"DEBUG=1",
					"$(inherited)",
				);
				GCC_WARN_64_TO_32_BIT_CONVERSION = YES;
				GCC_WARN_ABOUT_RETURN_TYPE = YES_ERROR;
				GCC_WARN_UNDECLARED_SELECTOR = YES;
				GCC_WARN_UNINITIALIZED_AUTOS = YES_AGGRESSIVE;
				GCC_WARN_UNUSED_FUNCTION = YES;
				GCC_WARN_UNUSED_VARIABLE = YES;
				IPHONEOS_DEPLOYMENT_TARGET = 17.0;
				LOCALIZATION_PREFERS_STRING_CATALOGS = YES;
				MTL_ENABLE_DEBUG_INFO = INCLUDE_SOURCE;
				MTL_FAST_MATH = YES;
				ONLY_ACTIVE_ARCH = YES;
				SDKROOT = iphoneos;
				SWIFT_ACTIVE_COMPILATION_CONDITIONS = "DEBUG $(inherited)";
				SWIFT_OPTIMIZATION_LEVEL = "-Onone";
			};
			name = Debug;
		};
		3BBE88022AF016B10084F6BD /* Release */ = {
			isa = XCBuildConfiguration;
			buildSettings = {
				ALWAYS_SEARCH_USER_PATHS = NO;
				ASSETCATALOG_COMPILER_GENERATE_SWIFT_ASSET_SYMBOL_EXTENSIONS = YES;
				CLANG_ANALYZER_NONNULL = YES;
				CLANG_ANALYZER_NUMBER_OBJECT_CONVERSION = YES_AGGRESSIVE;
				CLANG_CXX_LANGUAGE_STANDARD = "gnu++20";
				CLANG_ENABLE_MODULES = YES;
				CLANG_ENABLE_OBJC_ARC = YES;
				CLANG_ENABLE_OBJC_WEAK = YES;
				CLANG_WARN_BLOCK_CAPTURE_AUTORELEASING = YES;
				CLANG_WARN_BOOL_CONVERSION = YES;
				CLANG_WARN_COMMA = YES;
				CLANG_WARN_CONSTANT_CONVERSION = YES;
				CLANG_WARN_DEPRECATED_OBJC_IMPLEMENTATIONS = YES;
				CLANG_WARN_DIRECT_OBJC_ISA_USAGE = YES_ERROR;
				CLANG_WARN_DOCUMENTATION_COMMENTS = YES;
				CLANG_WARN_EMPTY_BODY = YES;
				CLANG_WARN_ENUM_CONVERSION = YES;
				CLANG_WARN_INFINITE_RECURSION = YES;
				CLANG_WARN_INT_CONVERSION = YES;
				CLANG_WARN_NON_LITERAL_NULL_CONVERSION = YES;
				CLANG_WARN_OBJC_IMPLICIT_RETAIN_SELF = YES;
				CLANG_WARN_OBJC_LITERAL_CONVERSION = YES;
				CLANG_WARN_OBJC_ROOT_CLASS = YES_ERROR;
				CLANG_WARN_QUOTED_INCLUDE_IN_FRAMEWORK_HEADER = YES;
				CLANG_WARN_RANGE_LOOP_ANALYSIS = YES;
				CLANG_WARN_STRICT_PROTOTYPES = YES;
				CLANG_WARN_SUSPICIOUS_MOVE = YES;
				CLANG_WARN_UNGUARDED_AVAILABILITY = YES_AGGRESSIVE;
				CLANG_WARN_UNREACHABLE_CODE = YES;
				CLANG_WARN__DUPLICATE_METHOD_MATCH = YES;
				COPY_PHASE_STRIP = NO;
				DEBUG_INFORMATION_FORMAT = "dwarf-with-dsym";
				ENABLE_NS_ASSERTIONS = NO;
				ENABLE_STRICT_OBJC_MSGSEND = YES;
				ENABLE_USER_SCRIPT_SANDBOXING = YES;
				GCC_C_LANGUAGE_STANDARD = gnu17;
				GCC_NO_COMMON_BLOCKS = YES;
				GCC_WARN_64_TO_32_BIT_CONVERSION = YES;
				GCC_WARN_ABOUT_RETURN_TYPE = YES_ERROR;
				GCC_WARN_UNDECLARED_SELECTOR = YES;
				GCC_WARN_UNINITIALIZED_AUTOS = YES_AGGRESSIVE;
				GCC_WARN_UNUSED_FUNCTION = YES;
				GCC_WARN_UNUSED_VARIABLE = YES;
				IPHONEOS_DEPLOYMENT_TARGET = 17.0;
				LOCALIZATION_PREFERS_STRING_CATALOGS = YES;
				MTL_ENABLE_DEBUG_INFO = NO;
				MTL_FAST_MATH = YES;
				SDKROOT = iphoneos;
				SWIFT_COMPILATION_MODE = wholemodule;
				VALIDATE_PRODUCT = YES;
			};
			name = Release;
		};
		3BBE88042AF016B10084F6BD /* Debug */ = {
			isa = XCBuildConfiguration;
			buildSettings = {
				ASSETCATALOG_COMPILER_APPICON_NAME = AppIcon;
				ASSETCATALOG_COMPILER_GLOBAL_ACCENT_COLOR_NAME = AccentColor;
				CODE_SIGN_STYLE = Automatic;
				CURRENT_PROJECT_VERSION = 1;
				DEVELOPMENT_ASSET_PATHS = "\"NadaADeclarar/Preview Content\"";
				DEVELOPMENT_TEAM = 6S6995TY46;
				ENABLE_PREVIEWS = YES;
				GENERATE_INFOPLIST_FILE = YES;
				INFOPLIST_FILE = NadaADeclarar/Info.plist;
				INFOPLIST_KEY_UIApplicationSceneManifest_Generation = YES;
				INFOPLIST_KEY_UIApplicationSupportsIndirectInputEvents = YES;
				INFOPLIST_KEY_UILaunchScreen_Generation = YES;
				INFOPLIST_KEY_UISupportedInterfaceOrientations_iPad = "UIInterfaceOrientationPortrait UIInterfaceOrientationPortraitUpsideDown UIInterfaceOrientationLandscapeLeft UIInterfaceOrientationLandscapeRight";
				INFOPLIST_KEY_UISupportedInterfaceOrientations_iPhone = "UIInterfaceOrientationPortrait UIInterfaceOrientationLandscapeLeft UIInterfaceOrientationLandscapeRight";
				LD_RUNPATH_SEARCH_PATHS = (
					"$(inherited)",
					"@executable_path/Frameworks",
				);
				MARKETING_VERSION = 1.0;
				PRODUCT_BUNDLE_IDENTIFIER = com.gabrielvicentinnegro.NadaADeclarar;
				PRODUCT_NAME = "$(TARGET_NAME)";
				SWIFT_EMIT_LOC_STRINGS = YES;
				SWIFT_VERSION = 5.0;
				TARGETED_DEVICE_FAMILY = "1,2";
			};
			name = Debug;
		};
		3BBE88052AF016B10084F6BD /* Release */ = {
			isa = XCBuildConfiguration;
			buildSettings = {
				ASSETCATALOG_COMPILER_APPICON_NAME = AppIcon;
				ASSETCATALOG_COMPILER_GLOBAL_ACCENT_COLOR_NAME = AccentColor;
				CODE_SIGN_STYLE = Automatic;
				CURRENT_PROJECT_VERSION = 1;
				DEVELOPMENT_ASSET_PATHS = "\"NadaADeclarar/Preview Content\"";
				DEVELOPMENT_TEAM = 6S6995TY46;
				ENABLE_PREVIEWS = YES;
				GENERATE_INFOPLIST_FILE = YES;
				INFOPLIST_FILE = NadaADeclarar/Info.plist;
				INFOPLIST_KEY_UIApplicationSceneManifest_Generation = YES;
				INFOPLIST_KEY_UIApplicationSupportsIndirectInputEvents = YES;
				INFOPLIST_KEY_UILaunchScreen_Generation = YES;
				INFOPLIST_KEY_UISupportedInterfaceOrientations_iPad = "UIInterfaceOrientationPortrait UIInterfaceOrientationPortraitUpsideDown UIInterfaceOrientationLandscapeLeft UIInterfaceOrientationLandscapeRight";
				INFOPLIST_KEY_UISupportedInterfaceOrientations_iPhone = "UIInterfaceOrientationPortrait UIInterfaceOrientationLandscapeLeft UIInterfaceOrientationLandscapeRight";
				LD_RUNPATH_SEARCH_PATHS = (
					"$(inherited)",
					"@executable_path/Frameworks",
				);
				MARKETING_VERSION = 1.0;
				PRODUCT_BUNDLE_IDENTIFIER = com.gabrielvicentinnegro.NadaADeclarar;
				PRODUCT_NAME = "$(TARGET_NAME)";
				SWIFT_EMIT_LOC_STRINGS = YES;
				SWIFT_VERSION = 5.0;
				TARGETED_DEVICE_FAMILY = "1,2";
			};
			name = Release;
		};
/* End XCBuildConfiguration section */

/* Begin XCConfigurationList section */
		3BBE87F02AF016B00084F6BD /* Build configuration list for PBXProject "NadaADeclarar" */ = {
			isa = XCConfigurationList;
			buildConfigurations = (
				3BBE88012AF016B10084F6BD /* Debug */,
				3BBE88022AF016B10084F6BD /* Release */,
			);
			defaultConfigurationIsVisible = 0;
			defaultConfigurationName = Release;
		};
		3BBE88032AF016B10084F6BD /* Build configuration list for PBXNativeTarget "NadaADeclarar" */ = {
			isa = XCConfigurationList;
			buildConfigurations = (
				3BBE88042AF016B10084F6BD /* Debug */,
				3BBE88052AF016B10084F6BD /* Release */,
			);
			defaultConfigurationIsVisible = 0;
			defaultConfigurationName = Release;
		};
/* End XCConfigurationList section */
	};
	rootObject = 3BBE87ED2AF016B00084F6BD /* Project object */;
}
